
Microsoft Visual Studio Solution File, Format Version 12.00
# Visual Studio 14
VisualStudioVersion = 14.0.25420.1
MinimumVisualStudioVersion = 10.0.40219.1
Project("{FAE04EC0-301F-11D3-BF4B-00C04F79EFBC}") = "1-PrimeiroProjeto", "1-PrimeiroProjeto\1-PrimeiroProjeto.csproj", "{11A0C1FB-746B-43D2-B922-D369A98673CF}"
EndProject
Project("{FAE04EC0-301F-11D3-BF4B-00C04F79EFBC}") = "2-CriandoVariaveis", "2-CriandoVariaveis\2-CriandoVariaveis.csproj", "{709695AF-8BA7-46D9-979D-F07E5B3BA564}"
EndProject
Project("{FAE04EC0-301F-11D3-BF4B-00C04F79EFBC}") = "3-CriandoVariaveisPontoFlutuante", "3-CriandoVariaveisPontoFlutuante\3-CriandoVariaveisPontoFlutuante.csproj", "{AE164163-F29B-4FF8-A046-452C9E005CF0}"
EndProject
Project("{FAE04EC0-301F-11D3-BF4B-00C04F79EFBC}") = "4-Conversoeseoutrostiposnumericos", "4-Conversoeseoutrostiposnumericos\4-Conversoeseoutrostiposnumericos.csproj", "{8FB82F84-6312-41B7-809D-4BA36C1EC456}"
EndProject
Project("{FAE04EC0-301F-11D3-BF4B-00C04F79EFBC}") = "5-CaracteresETextos", "5-CaracteresETextos\5-CaracteresETextos.csproj", "{8EACCA85-3A39-4050-9ABC-F843E5BA067F}"
EndProject
Project("{FAE04EC0-301F-11D3-BF4B-00C04F79EFBC}") = "6-AtribuicoesdeVariaveis", "6-AtribuicoesdeVariaveis\6-AtribuicoesdeVariaveis.csproj", "{E71C5163-3017-46FA-A98E-DD895D358694}"
EndProject
Project("{FAE04EC0-301F-11D3-BF4B-00C04F79EFBC}") = "7-Condicionais", "7-Condicionais\7-Condicionais.csproj", "{61C2A5A0-47DD-4AA6-B158-A30AF582939F}"
EndProject
Project("{FAE04EC0-301F-11D3-BF4B-00C04F79EFBC}") = "8-Condicionais2", "8-Condicionais2\8-Condicionais2.csproj", "{757E0322-8613-4DFC-9545-C2A8A604C701}"
EndProject
Project("{FAE04EC0-301F-11D3-BF4B-00C04F79EFBC}") = "9-Escopo", "9-Escopo\9-Escopo.csproj", "{6C15A584-38A1-42D9-A3E9-E937A8BB210E}"
EndProject
Project("{FAE04EC0-301F-11D3-BF4B-00C04F79EFBC}") = "P10-CalculaPoupanca", "10-CalculaPoupanca\P10-CalculaPoupanca.csproj", "{E266B151-1A9D-4BC8-B6B1-1898FE1BD745}"
EndProject
Project("{FAE04EC0-301F-11D3-BF4B-00C04F79EFBC}") = "P11-CalculaPoupanca2", "P11-CalculaPoupanca2\P11-CalculaPoupanca2.csproj", "{DFB67957-DB7D-4056-858C-A630FC3572FA}"
EndProject
Project("{FAE04EC0-301F-11D3-BF4B-00C04F79EFBC}") = "P12-CalculaInvestimentoLongoPrazo", "P12-CalculaInvestimentoLongoPrazo\P12-CalculaInvestimentoLongoPrazo.csproj", "{5E4796B6-95D9-4692-A114-936BD5088400}"
EndProject
Project("{FAE04EC0-301F-11D3-BF4B-00C04F79EFBC}") = "P13-ForEncadeado", "P13-ForEncadeado\P13-ForEncadeado.csproj", "{2F93AFB1-0781-44E3-A24B-6FEAB354A642}"
EndProject
Global
	GlobalSection(SolutionConfigurationPlatforms) = preSolution
		Debug|Any CPU = Debug|Any CPU
		Release|Any CPU = Release|Any CPU
	EndGlobalSection
	GlobalSection(ProjectConfigurationPlatforms) = postSolution
		{11A0C1FB-746B-43D2-B922-D369A98673CF}.Debug|Any CPU.ActiveCfg = Debug|Any CPU
		{11A0C1FB-746B-43D2-B922-D369A98673CF}.Debug|Any CPU.Build.0 = Debug|Any CPU
		{11A0C1FB-746B-43D2-B922-D369A98673CF}.Release|Any CPU.ActiveCfg = Release|Any CPU
		{11A0C1FB-746B-43D2-B922-D369A98673CF}.Release|Any CPU.Build.0 = Release|Any CPU
		{709695AF-8BA7-46D9-979D-F07E5B3BA564}.Debug|Any CPU.ActiveCfg = Debug|Any CPU
		{709695AF-8BA7-46D9-979D-F07E5B3BA564}.Debug|Any CPU.Build.0 = Debug|Any CPU
		{709695AF-8BA7-46D9-979D-F07E5B3BA564}.Release|Any CPU.ActiveCfg = Release|Any CPU
		{709695AF-8BA7-46D9-979D-F07E5B3BA564}.Release|Any CPU.Build.0 = Release|Any CPU
		{AE164163-F29B-4FF8-A046-452C9E005CF0}.Debug|Any CPU.ActiveCfg = Debug|Any CPU
		{AE164163-F29B-4FF8-A046-452C9E005CF0}.Debug|Any CPU.Build.0 = Debug|Any CPU
		{AE164163-F29B-4FF8-A046-452C9E005CF0}.Release|Any CPU.ActiveCfg = Release|Any CPU
		{AE164163-F29B-4FF8-A046-452C9E005CF0}.Release|Any CPU.Build.0 = Release|Any CPU
		{8FB82F84-6312-41B7-809D-4BA36C1EC456}.Debug|Any CPU.ActiveCfg = Debug|Any CPU
		{8FB82F84-6312-41B7-809D-4BA36C1EC456}.Debug|Any CPU.Build.0 = Debug|Any CPU
		{8FB82F84-6312-41B7-809D-4BA36C1EC456}.Release|Any CPU.ActiveCfg = Release|Any CPU
		{8FB82F84-6312-41B7-809D-4BA36C1EC456}.Release|Any CPU.Build.0 = Release|Any CPU
		{8EACCA85-3A39-4050-9ABC-F843E5BA067F}.Debug|Any CPU.ActiveCfg = Debug|Any CPU
		{8EACCA85-3A39-4050-9ABC-F843E5BA067F}.Debug|Any CPU.Build.0 = Debug|Any CPU
		{8EACCA85-3A39-4050-9ABC-F843E5BA067F}.Release|Any CPU.ActiveCfg = Release|Any CPU
		{8EACCA85-3A39-4050-9ABC-F843E5BA067F}.Release|Any CPU.Build.0 = Release|Any CPU
		{E71C5163-3017-46FA-A98E-DD895D358694}.Debug|Any CPU.ActiveCfg = Debug|Any CPU
		{E71C5163-3017-46FA-A98E-DD895D358694}.Debug|Any CPU.Build.0 = Debug|Any CPU
		{E71C5163-3017-46FA-A98E-DD895D358694}.Release|Any CPU.ActiveCfg = Release|Any CPU
		{E71C5163-3017-46FA-A98E-DD895D358694}.Release|Any CPU.Build.0 = Release|Any CPU
		{61C2A5A0-47DD-4AA6-B158-A30AF582939F}.Debug|Any CPU.ActiveCfg = Debug|Any CPU
		{61C2A5A0-47DD-4AA6-B158-A30AF582939F}.Debug|Any CPU.Build.0 = Debug|Any CPU
		{61C2A5A0-47DD-4AA6-B158-A30AF582939F}.Release|Any CPU.ActiveCfg = Release|Any CPU
		{61C2A5A0-47DD-4AA6-B158-A30AF582939F}.Release|Any CPU.Build.0 = Release|Any CPU
		{757E0322-8613-4DFC-9545-C2A8A604C701}.Debug|Any CPU.ActiveCfg = Debug|Any CPU
		{757E0322-8613-4DFC-9545-C2A8A604C701}.Debug|Any CPU.Build.0 = Debug|Any CPU
		{757E0322-8613-4DFC-9545-C2A8A604C701}.Release|Any CPU.ActiveCfg = Release|Any CPU
		{757E0322-8613-4DFC-9545-C2A8A604C701}.Release|Any CPU.Build.0 = Release|Any CPU
		{6C15A584-38A1-42D9-A3E9-E937A8BB210E}.Debug|Any CPU.ActiveCfg = Debug|Any CPU
		{6C15A584-38A1-42D9-A3E9-E937A8BB210E}.Debug|Any CPU.Build.0 = Debug|Any CPU
		{6C15A584-38A1-42D9-A3E9-E937A8BB210E}.Release|Any CPU.ActiveCfg = Release|Any CPU
		{6C15A584-38A1-42D9-A3E9-E937A8BB210E}.Release|Any CPU.Build.0 = Release|Any CPU
		{E266B151-1A9D-4BC8-B6B1-1898FE1BD745}.Debug|Any CPU.ActiveCfg = Debug|Any CPU
		{E266B151-1A9D-4BC8-B6B1-1898FE1BD745}.Debug|Any CPU.Build.0 = Debug|Any CPU
		{E266B151-1A9D-4BC8-B6B1-1898FE1BD745}.Release|Any CPU.ActiveCfg = Release|Any CPU
		{E266B151-1A9D-4BC8-B6B1-1898FE1BD745}.Release|Any CPU.Build.0 = Release|Any CPU
		{DFB67957-DB7D-4056-858C-A630FC3572FA}.Debug|Any CPU.ActiveCfg = Debug|Any CPU
		{DFB67957-DB7D-4056-858C-A630FC3572FA}.Debug|Any CPU.Build.0 = Debug|Any CPU
		{DFB67957-DB7D-4056-858C-A630FC3572FA}.Release|Any CPU.ActiveCfg = Release|Any CPU
		{DFB67957-DB7D-4056-858C-A630FC3572FA}.Release|Any CPU.Build.0 = Release|Any CPU
		{5E4796B6-95D9-4692-A114-936BD5088400}.Debug|Any CPU.ActiveCfg = Debug|Any CPU
		{5E4796B6-95D9-4692-A114-936BD5088400}.Debug|Any CPU.Build.0 = Debug|Any CPU
		{5E4796B6-95D9-4692-A114-936BD5088400}.Release|Any CPU.ActiveCfg = Release|Any CPU
		{5E4796B6-95D9-4692-A114-936BD5088400}.Release|Any CPU.Build.0 = Release|Any CPU
		{2F93AFB1-0781-44E3-A24B-6FEAB354A642}.Debug|Any CPU.ActiveCfg = Debug|Any CPU
		{2F93AFB1-0781-44E3-A24B-6FEAB354A642}.Debug|Any CPU.Build.0 = Debug|Any CPU
		{2F93AFB1-0781-44E3-A24B-6FEAB354A642}.Release|Any CPU.ActiveCfg = Release|Any CPU
		{2F93AFB1-0781-44E3-A24B-6FEAB354A642}.Release|Any CPU.Build.0 = Release|Any CPU
	EndGlobalSection
	GlobalSection(SolutionProperties) = preSolution
		HideSolutionNode = FALSE
	EndGlobalSection
EndGlobal
